
Microsoft Visual Studio Solution File, Format Version 12.00
# Visual Studio Version 17
VisualStudioVersion = 17.4.33213.308
MinimumVisualStudioVersion = 10.0.40219.1
Project("{FAE04EC0-301F-11D3-BF4B-00C04F79EFBC}") = "MovieStoreAppV1", "MovieStoreAppV1.csproj", "{5CBDC86C-F7A5-4077-811F-AD49F9B50F11}"
EndProject
Global
	GlobalSection(SolutionConfigurationPlatforms) = preSolution
		Debug|Any CPU = Debug|Any CPU
		Release|Any CPU = Release|Any CPU
	EndGlobalSection
	GlobalSection(ProjectConfigurationPlatforms) = postSolution
		{5CBDC86C-F7A5-4077-811F-AD49F9B50F11}.Debug|Any CPU.ActiveCfg = Debug|Any CPU
		{5CBDC86C-F7A5-4077-811F-AD49F9B50F11}.Debug|Any CPU.Build.0 = Debug|Any CPU
		{5CBDC86C-F7A5-4077-811F-AD49F9B50F11}.Release|Any CPU.ActiveCfg = Release|Any CPU
		{5CBDC86C-F7A5-4077-811F-AD49F9B50F11}.Release|Any CPU.Build.0 = Release|Any CPU
	EndGlobalSection
	GlobalSection(SolutionProperties) = preSolution
		HideSolutionNode = FALSE
	EndGlobalSection
	GlobalSection(ExtensibilityGlobals) = postSolution
		SolutionGuid = {E7643EB3-FF05-44DB-9774-F226B0BFC788}
	EndGlobalSection
EndGlobal
