
Microsoft Visual Studio Solution File, Format Version 12.00
# Visual Studio Version 17
VisualStudioVersion = 17.5.33627.172
MinimumVisualStudioVersion = 10.0.40219.1
Project("{FAE04EC0-301F-11D3-BF4B-00C04F79EFBC}") = "CRUDOperationOnDBApp", "CRUDOperationOnDBApp\CRUDOperationOnDBApp.csproj", "{8B744F6C-A8BC-4D11-AC8B-A67C6A03862B}"
EndProject
Global
	GlobalSection(SolutionConfigurationPlatforms) = preSolution
		Debug|Any CPU = Debug|Any CPU
		Release|Any CPU = Release|Any CPU
	EndGlobalSection
	GlobalSection(ProjectConfigurationPlatforms) = postSolution
		{8B744F6C-A8BC-4D11-AC8B-A67C6A03862B}.Debug|Any CPU.ActiveCfg = Debug|Any CPU
		{8B744F6C-A8BC-4D11-AC8B-A67C6A03862B}.Debug|Any CPU.Build.0 = Debug|Any CPU
		{8B744F6C-A8BC-4D11-AC8B-A67C6A03862B}.Release|Any CPU.ActiveCfg = Release|Any CPU
		{8B744F6C-A8BC-4D11-AC8B-A67C6A03862B}.Release|Any CPU.Build.0 = Release|Any CPU
	EndGlobalSection
	GlobalSection(SolutionProperties) = preSolution
		HideSolutionNode = FALSE
	EndGlobalSection
	GlobalSection(ExtensibilityGlobals) = postSolution
		SolutionGuid = {C74FC101-E6D8-4C14-844D-C22F5F940766}
	EndGlobalSection
EndGlobal
