
Microsoft Visual Studio Solution File, Format Version 12.00
# Visual Studio Version 17
VisualStudioVersion = 17.4.33213.308
MinimumVisualStudioVersion = 10.0.40219.1
Project("{FAE04EC0-301F-11D3-BF4B-00C04F79EFBC}") = "CustomerShoppingRefactoredApp", "CustomerShoppingRefactoredApp\CustomerShoppingRefactoredApp.csproj", "{2B359166-0595-47FC-B76A-6E0970BA11CA}"
EndProject
Global
	GlobalSection(SolutionConfigurationPlatforms) = preSolution
		Debug|Any CPU = Debug|Any CPU
		Release|Any CPU = Release|Any CPU
	EndGlobalSection
	GlobalSection(ProjectConfigurationPlatforms) = postSolution
		{2B359166-0595-47FC-B76A-6E0970BA11CA}.Debug|Any CPU.ActiveCfg = Debug|Any CPU
		{2B359166-0595-47FC-B76A-6E0970BA11CA}.Debug|Any CPU.Build.0 = Debug|Any CPU
		{2B359166-0595-47FC-B76A-6E0970BA11CA}.Release|Any CPU.ActiveCfg = Release|Any CPU
		{2B359166-0595-47FC-B76A-6E0970BA11CA}.Release|Any CPU.Build.0 = Release|Any CPU
	EndGlobalSection
	GlobalSection(SolutionProperties) = preSolution
		HideSolutionNode = FALSE
	EndGlobalSection
	GlobalSection(ExtensibilityGlobals) = postSolution
		SolutionGuid = {CD7DFC05-7866-47F6-914E-65C426D91954}
	EndGlobalSection
EndGlobal
