
Microsoft Visual Studio Solution File, Format Version 12.00
# Visual Studio Version 17
VisualStudioVersion = 17.4.33213.308
MinimumVisualStudioVersion = 10.0.40219.1
Project("{FAE04EC0-301F-11D3-BF4B-00C04F79EFBC}") = "FunctionApp", "FunctionApp.csproj", "{48B58840-C078-4367-801A-16E4ADFB5196}"
EndProject
Global
	GlobalSection(SolutionConfigurationPlatforms) = preSolution
		Debug|Any CPU = Debug|Any CPU
		Release|Any CPU = Release|Any CPU
	EndGlobalSection
	GlobalSection(ProjectConfigurationPlatforms) = postSolution
		{48B58840-C078-4367-801A-16E4ADFB5196}.Debug|Any CPU.ActiveCfg = Debug|Any CPU
		{48B58840-C078-4367-801A-16E4ADFB5196}.Debug|Any CPU.Build.0 = Debug|Any CPU
		{48B58840-C078-4367-801A-16E4ADFB5196}.Release|Any CPU.ActiveCfg = Release|Any CPU
		{48B58840-C078-4367-801A-16E4ADFB5196}.Release|Any CPU.Build.0 = Release|Any CPU
	EndGlobalSection
	GlobalSection(SolutionProperties) = preSolution
		HideSolutionNode = FALSE
	EndGlobalSection
	GlobalSection(ExtensibilityGlobals) = postSolution
		SolutionGuid = {DDC6ADE0-6108-41CC-880D-FB8B499816CD}
	EndGlobalSection
EndGlobal
