
Microsoft Visual Studio Solution File, Format Version 12.00
# Visual Studio Version 17
VisualStudioVersion = 17.4.33213.308
MinimumVisualStudioVersion = 10.0.40219.1
Project("{FAE04EC0-301F-11D3-BF4B-00C04F79EFBC}") = "RectangleEncapsulationApp", "RectangleEncapsulationApp.csproj", "{C6482AAB-6DB0-4F90-95AA-8E6FA443DAAC}"
EndProject
Global
	GlobalSection(SolutionConfigurationPlatforms) = preSolution
		Debug|Any CPU = Debug|Any CPU
		Release|Any CPU = Release|Any CPU
	EndGlobalSection
	GlobalSection(ProjectConfigurationPlatforms) = postSolution
		{C6482AAB-6DB0-4F90-95AA-8E6FA443DAAC}.Debug|Any CPU.ActiveCfg = Debug|Any CPU
		{C6482AAB-6DB0-4F90-95AA-8E6FA443DAAC}.Debug|Any CPU.Build.0 = Debug|Any CPU
		{C6482AAB-6DB0-4F90-95AA-8E6FA443DAAC}.Release|Any CPU.ActiveCfg = Release|Any CPU
		{C6482AAB-6DB0-4F90-95AA-8E6FA443DAAC}.Release|Any CPU.Build.0 = Release|Any CPU
	EndGlobalSection
	GlobalSection(SolutionProperties) = preSolution
		HideSolutionNode = FALSE
	EndGlobalSection
	GlobalSection(ExtensibilityGlobals) = postSolution
		SolutionGuid = {AB0AA275-9BDC-427B-BA9C-D9B1C074AE12}
	EndGlobalSection
EndGlobal
