
Microsoft Visual Studio Solution File, Format Version 12.00
# Visual Studio Version 17
VisualStudioVersion = 17.5.33627.172
MinimumVisualStudioVersion = 10.0.40219.1
Project("{FAE04EC0-301F-11D3-BF4B-00C04F79EFBC}") = "MasterLayoutApp", "MasterLayoutApp\MasterLayoutApp.csproj", "{31BFA56F-4E4B-403C-B1F6-7EC9E9CC0BBB}"
EndProject
Global
	GlobalSection(SolutionConfigurationPlatforms) = preSolution
		Debug|Any CPU = Debug|Any CPU
		Release|Any CPU = Release|Any CPU
	EndGlobalSection
	GlobalSection(ProjectConfigurationPlatforms) = postSolution
		{31BFA56F-4E4B-403C-B1F6-7EC9E9CC0BBB}.Debug|Any CPU.ActiveCfg = Debug|Any CPU
		{31BFA56F-4E4B-403C-B1F6-7EC9E9CC0BBB}.Debug|Any CPU.Build.0 = Debug|Any CPU
		{31BFA56F-4E4B-403C-B1F6-7EC9E9CC0BBB}.Release|Any CPU.ActiveCfg = Release|Any CPU
		{31BFA56F-4E4B-403C-B1F6-7EC9E9CC0BBB}.Release|Any CPU.Build.0 = Release|Any CPU
	EndGlobalSection
	GlobalSection(SolutionProperties) = preSolution
		HideSolutionNode = FALSE
	EndGlobalSection
	GlobalSection(ExtensibilityGlobals) = postSolution
		SolutionGuid = {5104A177-F7AB-48B5-A210-3B1849798EBC}
	EndGlobalSection
EndGlobal
