
Microsoft Visual Studio Solution File, Format Version 12.00
# Visual Studio Version 17
VisualStudioVersion = 17.4.33213.308
MinimumVisualStudioVersion = 10.0.40219.1
Project("{FAE04EC0-301F-11D3-BF4B-00C04F79EFBC}") = "LSPVoilationApp", "LSPVoilationApp.csproj", "{AD7AEDCD-1EAD-4234-8F22-9E70DADFD21F}"
EndProject
Global
	GlobalSection(SolutionConfigurationPlatforms) = preSolution
		Debug|Any CPU = Debug|Any CPU
		Release|Any CPU = Release|Any CPU
	EndGlobalSection
	GlobalSection(ProjectConfigurationPlatforms) = postSolution
		{AD7AEDCD-1EAD-4234-8F22-9E70DADFD21F}.Debug|Any CPU.ActiveCfg = Debug|Any CPU
		{AD7AEDCD-1EAD-4234-8F22-9E70DADFD21F}.Debug|Any CPU.Build.0 = Debug|Any CPU
		{AD7AEDCD-1EAD-4234-8F22-9E70DADFD21F}.Release|Any CPU.ActiveCfg = Release|Any CPU
		{AD7AEDCD-1EAD-4234-8F22-9E70DADFD21F}.Release|Any CPU.Build.0 = Release|Any CPU
	EndGlobalSection
	GlobalSection(SolutionProperties) = preSolution
		HideSolutionNode = FALSE
	EndGlobalSection
	GlobalSection(ExtensibilityGlobals) = postSolution
		SolutionGuid = {1AA18DC8-7DA5-41AF-A725-47A70F2D4FA2}
	EndGlobalSection
EndGlobal
