
Microsoft Visual Studio Solution File, Format Version 12.00
# Visual Studio Version 17
VisualStudioVersion = 17.4.33213.308
MinimumVisualStudioVersion = 10.0.40219.1
Project("{FAE04EC0-301F-11D3-BF4B-00C04F79EFBC}") = "StudentEncapsulationApp", "StudentEncapsulationApp.csproj", "{C6EEDB69-A7C6-412B-AE47-06917731C543}"
EndProject
Global
	GlobalSection(SolutionConfigurationPlatforms) = preSolution
		Debug|Any CPU = Debug|Any CPU
		Release|Any CPU = Release|Any CPU
	EndGlobalSection
	GlobalSection(ProjectConfigurationPlatforms) = postSolution
		{C6EEDB69-A7C6-412B-AE47-06917731C543}.Debug|Any CPU.ActiveCfg = Debug|Any CPU
		{C6EEDB69-A7C6-412B-AE47-06917731C543}.Debug|Any CPU.Build.0 = Debug|Any CPU
		{C6EEDB69-A7C6-412B-AE47-06917731C543}.Release|Any CPU.ActiveCfg = Release|Any CPU
		{C6EEDB69-A7C6-412B-AE47-06917731C543}.Release|Any CPU.Build.0 = Release|Any CPU
	EndGlobalSection
	GlobalSection(SolutionProperties) = preSolution
		HideSolutionNode = FALSE
	EndGlobalSection
	GlobalSection(ExtensibilityGlobals) = postSolution
		SolutionGuid = {9CD3C954-F6F5-4D71-94B8-CB6CC6C82156}
	EndGlobalSection
EndGlobal
