
Microsoft Visual Studio Solution File, Format Version 12.00
# Visual Studio Version 17
VisualStudioVersion = 17.5.33627.172
MinimumVisualStudioVersion = 10.0.40219.1
Project("{FAE04EC0-301F-11D3-BF4B-00C04F79EFBC}") = "SimpleEFApp", "SimpleEFApp\SimpleEFApp.csproj", "{63DCA07B-1046-478A-8D32-C2E8D1A9E04D}"
EndProject
Global
	GlobalSection(SolutionConfigurationPlatforms) = preSolution
		Debug|Any CPU = Debug|Any CPU
		Release|Any CPU = Release|Any CPU
	EndGlobalSection
	GlobalSection(ProjectConfigurationPlatforms) = postSolution
		{63DCA07B-1046-478A-8D32-C2E8D1A9E04D}.Debug|Any CPU.ActiveCfg = Debug|Any CPU
		{63DCA07B-1046-478A-8D32-C2E8D1A9E04D}.Debug|Any CPU.Build.0 = Debug|Any CPU
		{63DCA07B-1046-478A-8D32-C2E8D1A9E04D}.Release|Any CPU.ActiveCfg = Release|Any CPU
		{63DCA07B-1046-478A-8D32-C2E8D1A9E04D}.Release|Any CPU.Build.0 = Release|Any CPU
	EndGlobalSection
	GlobalSection(SolutionProperties) = preSolution
		HideSolutionNode = FALSE
	EndGlobalSection
	GlobalSection(ExtensibilityGlobals) = postSolution
		SolutionGuid = {559E0EEB-45E6-41E5-9667-2D1A474033C6}
	EndGlobalSection
EndGlobal
