
Microsoft Visual Studio Solution File, Format Version 12.00
# Visual Studio Version 17
VisualStudioVersion = 17.5.33516.290
MinimumVisualStudioVersion = 10.0.40219.1
Project("{FAE04EC0-301F-11D3-BF4B-00C04F79EFBC}") = "FancyItemsCoreLib", "FancyItemsCoreLib\FancyItemsCoreLib.csproj", "{E218B5D7-11E4-4B48-AC50-DD544D2C6698}"
EndProject
Project("{FAE04EC0-301F-11D3-BF4B-00C04F79EFBC}") = "AdapterPatternApp", "AdapterPatternApp\AdapterPatternApp.csproj", "{E41C54CD-0698-4A0A-A917-38BDD2C27409}"
EndProject
Global
	GlobalSection(SolutionConfigurationPlatforms) = preSolution
		Debug|Any CPU = Debug|Any CPU
		Release|Any CPU = Release|Any CPU
	EndGlobalSection
	GlobalSection(ProjectConfigurationPlatforms) = postSolution
		{E218B5D7-11E4-4B48-AC50-DD544D2C6698}.Debug|Any CPU.ActiveCfg = Debug|Any CPU
		{E218B5D7-11E4-4B48-AC50-DD544D2C6698}.Debug|Any CPU.Build.0 = Debug|Any CPU
		{E218B5D7-11E4-4B48-AC50-DD544D2C6698}.Release|Any CPU.ActiveCfg = Release|Any CPU
		{E218B5D7-11E4-4B48-AC50-DD544D2C6698}.Release|Any CPU.Build.0 = Release|Any CPU
		{E41C54CD-0698-4A0A-A917-38BDD2C27409}.Debug|Any CPU.ActiveCfg = Debug|Any CPU
		{E41C54CD-0698-4A0A-A917-38BDD2C27409}.Debug|Any CPU.Build.0 = Debug|Any CPU
		{E41C54CD-0698-4A0A-A917-38BDD2C27409}.Release|Any CPU.ActiveCfg = Release|Any CPU
		{E41C54CD-0698-4A0A-A917-38BDD2C27409}.Release|Any CPU.Build.0 = Release|Any CPU
	EndGlobalSection
	GlobalSection(SolutionProperties) = preSolution
		HideSolutionNode = FALSE
	EndGlobalSection
	GlobalSection(ExtensibilityGlobals) = postSolution
		SolutionGuid = {C4108E99-5653-4CCB-A07D-2E1B6A33A18F}
	EndGlobalSection
EndGlobal
