
Microsoft Visual Studio Solution File, Format Version 12.00
# Visual Studio Version 17
VisualStudioVersion = 17.4.33213.308
MinimumVisualStudioVersion = 10.0.40219.1
Project("{FAE04EC0-301F-11D3-BF4B-00C04F79EFBC}") = "RefactoredMoveableApp", "RefactoredMoveableApp.csproj", "{3D55B1DC-B223-4699-AB36-10F1D2C1D146}"
EndProject
Global
	GlobalSection(SolutionConfigurationPlatforms) = preSolution
		Debug|Any CPU = Debug|Any CPU
		Release|Any CPU = Release|Any CPU
	EndGlobalSection
	GlobalSection(ProjectConfigurationPlatforms) = postSolution
		{3D55B1DC-B223-4699-AB36-10F1D2C1D146}.Debug|Any CPU.ActiveCfg = Debug|Any CPU
		{3D55B1DC-B223-4699-AB36-10F1D2C1D146}.Debug|Any CPU.Build.0 = Debug|Any CPU
		{3D55B1DC-B223-4699-AB36-10F1D2C1D146}.Release|Any CPU.ActiveCfg = Release|Any CPU
		{3D55B1DC-B223-4699-AB36-10F1D2C1D146}.Release|Any CPU.Build.0 = Release|Any CPU
	EndGlobalSection
	GlobalSection(SolutionProperties) = preSolution
		HideSolutionNode = FALSE
	EndGlobalSection
	GlobalSection(ExtensibilityGlobals) = postSolution
		SolutionGuid = {15168749-277F-4EAF-A615-9C8FCD6FDB18}
	EndGlobalSection
EndGlobal
