
Microsoft Visual Studio Solution File, Format Version 12.00
# Visual Studio Version 17
VisualStudioVersion = 17.4.33213.308
MinimumVisualStudioVersion = 10.0.40219.1
Project("{9A19103F-16F7-4668-BE54-9A1E7A4F7556}") = "OCPVoilationApp", "OCPVoilationApp\OCPVoilationApp.csproj", "{40143014-A8A1-42CE-B3D3-06ED7825358C}"
EndProject
Project("{FAE04EC0-301F-11D3-BF4B-00C04F79EFBC}") = "FixedDepositCoreLib", "FixedDepositCoreLib\FixedDepositCoreLib.csproj", "{8B974246-6ECF-4C6D-ABBD-70E9A6FE04D4}"
EndProject
Project("{FAE04EC0-301F-11D3-BF4B-00C04F79EFBC}") = "AxisBankFDApp", "AxisBankFDApp\AxisBankFDApp.csproj", "{76A78761-CC01-47E1-BCDF-BC631359B0CF}"
EndProject
Project("{FAE04EC0-301F-11D3-BF4B-00C04F79EFBC}") = "HDFCBankFDApp", "HDFCBankFDApp\HDFCBankFDApp.csproj", "{563DEB03-ECCE-4E12-A23D-F1C9E1BB3D07}"
EndProject
Global
	GlobalSection(SolutionConfigurationPlatforms) = preSolution
		Debug|Any CPU = Debug|Any CPU
		Release|Any CPU = Release|Any CPU
	EndGlobalSection
	GlobalSection(ProjectConfigurationPlatforms) = postSolution
		{40143014-A8A1-42CE-B3D3-06ED7825358C}.Debug|Any CPU.ActiveCfg = Debug|Any CPU
		{40143014-A8A1-42CE-B3D3-06ED7825358C}.Debug|Any CPU.Build.0 = Debug|Any CPU
		{40143014-A8A1-42CE-B3D3-06ED7825358C}.Release|Any CPU.ActiveCfg = Release|Any CPU
		{40143014-A8A1-42CE-B3D3-06ED7825358C}.Release|Any CPU.Build.0 = Release|Any CPU
		{8B974246-6ECF-4C6D-ABBD-70E9A6FE04D4}.Debug|Any CPU.ActiveCfg = Debug|Any CPU
		{8B974246-6ECF-4C6D-ABBD-70E9A6FE04D4}.Debug|Any CPU.Build.0 = Debug|Any CPU
		{8B974246-6ECF-4C6D-ABBD-70E9A6FE04D4}.Release|Any CPU.ActiveCfg = Release|Any CPU
		{8B974246-6ECF-4C6D-ABBD-70E9A6FE04D4}.Release|Any CPU.Build.0 = Release|Any CPU
		{76A78761-CC01-47E1-BCDF-BC631359B0CF}.Debug|Any CPU.ActiveCfg = Debug|Any CPU
		{76A78761-CC01-47E1-BCDF-BC631359B0CF}.Debug|Any CPU.Build.0 = Debug|Any CPU
		{76A78761-CC01-47E1-BCDF-BC631359B0CF}.Release|Any CPU.ActiveCfg = Release|Any CPU
		{76A78761-CC01-47E1-BCDF-BC631359B0CF}.Release|Any CPU.Build.0 = Release|Any CPU
		{563DEB03-ECCE-4E12-A23D-F1C9E1BB3D07}.Debug|Any CPU.ActiveCfg = Debug|Any CPU
		{563DEB03-ECCE-4E12-A23D-F1C9E1BB3D07}.Debug|Any CPU.Build.0 = Debug|Any CPU
		{563DEB03-ECCE-4E12-A23D-F1C9E1BB3D07}.Release|Any CPU.ActiveCfg = Release|Any CPU
		{563DEB03-ECCE-4E12-A23D-F1C9E1BB3D07}.Release|Any CPU.Build.0 = Release|Any CPU
	EndGlobalSection
	GlobalSection(SolutionProperties) = preSolution
		HideSolutionNode = FALSE
	EndGlobalSection
	GlobalSection(ExtensibilityGlobals) = postSolution
		SolutionGuid = {B2B46CD9-467F-4007-B9F6-CA0C4EE0F352}
	EndGlobalSection
EndGlobal
