
Microsoft Visual Studio Solution File, Format Version 12.00
# Visual Studio Version 17
VisualStudioVersion = 17.4.33213.308
MinimumVisualStudioVersion = 10.0.40219.1
Project("{FAE04EC0-301F-11D3-BF4B-00C04F79EFBC}") = "EamplesOnPoc", "EamplesOnPoc.csproj", "{A1F45129-FC7F-4E39-872D-CA583C3A9D69}"
EndProject
Global
	GlobalSection(SolutionConfigurationPlatforms) = preSolution
		Debug|Any CPU = Debug|Any CPU
		Release|Any CPU = Release|Any CPU
	EndGlobalSection
	GlobalSection(ProjectConfigurationPlatforms) = postSolution
		{A1F45129-FC7F-4E39-872D-CA583C3A9D69}.Debug|Any CPU.ActiveCfg = Debug|Any CPU
		{A1F45129-FC7F-4E39-872D-CA583C3A9D69}.Debug|Any CPU.Build.0 = Debug|Any CPU
		{A1F45129-FC7F-4E39-872D-CA583C3A9D69}.Release|Any CPU.ActiveCfg = Release|Any CPU
		{A1F45129-FC7F-4E39-872D-CA583C3A9D69}.Release|Any CPU.Build.0 = Release|Any CPU
	EndGlobalSection
	GlobalSection(SolutionProperties) = preSolution
		HideSolutionNode = FALSE
	EndGlobalSection
	GlobalSection(ExtensibilityGlobals) = postSolution
		SolutionGuid = {B598FA9F-2EF8-4211-BFC5-14D9DB6C59AF}
	EndGlobalSection
EndGlobal
