
Microsoft Visual Studio Solution File, Format Version 12.00
# Visual Studio Version 17
VisualStudioVersion = 17.5.33516.290
MinimumVisualStudioVersion = 10.0.40219.1
Project("{FAE04EC0-301F-11D3-BF4B-00C04F79EFBC}") = "FactoryMethodCoreLib", "FactoryMethodCoreLib\FactoryMethodCoreLib.csproj", "{0245BC07-D418-4714-83B6-9EF0DE423C61}"
EndProject
Project("{FAE04EC0-301F-11D3-BF4B-00C04F79EFBC}") = "FactoryMethodClientApp", "FactoryMethodClientApp\FactoryMethodClientApp.csproj", "{8C957BC5-0D14-4026-9E1F-7FDE023F47CB}"
EndProject
Global
	GlobalSection(SolutionConfigurationPlatforms) = preSolution
		Debug|Any CPU = Debug|Any CPU
		Release|Any CPU = Release|Any CPU
	EndGlobalSection
	GlobalSection(ProjectConfigurationPlatforms) = postSolution
		{0245BC07-D418-4714-83B6-9EF0DE423C61}.Debug|Any CPU.ActiveCfg = Debug|Any CPU
		{0245BC07-D418-4714-83B6-9EF0DE423C61}.Debug|Any CPU.Build.0 = Debug|Any CPU
		{0245BC07-D418-4714-83B6-9EF0DE423C61}.Release|Any CPU.ActiveCfg = Release|Any CPU
		{0245BC07-D418-4714-83B6-9EF0DE423C61}.Release|Any CPU.Build.0 = Release|Any CPU
		{8C957BC5-0D14-4026-9E1F-7FDE023F47CB}.Debug|Any CPU.ActiveCfg = Debug|Any CPU
		{8C957BC5-0D14-4026-9E1F-7FDE023F47CB}.Debug|Any CPU.Build.0 = Debug|Any CPU
		{8C957BC5-0D14-4026-9E1F-7FDE023F47CB}.Release|Any CPU.ActiveCfg = Release|Any CPU
		{8C957BC5-0D14-4026-9E1F-7FDE023F47CB}.Release|Any CPU.Build.0 = Release|Any CPU
	EndGlobalSection
	GlobalSection(SolutionProperties) = preSolution
		HideSolutionNode = FALSE
	EndGlobalSection
	GlobalSection(ExtensibilityGlobals) = postSolution
		SolutionGuid = {7BBC223D-6B8E-4A1E-8B72-9F595CC909BF}
	EndGlobalSection
EndGlobal
