
Microsoft Visual Studio Solution File, Format Version 12.00
# Visual Studio Version 17
VisualStudioVersion = 17.4.33213.308
MinimumVisualStudioVersion = 10.0.40219.1
Project("{FAE04EC0-301F-11D3-BF4B-00C04F79EFBC}") = "ExceptionsApp", "ExceptionsApp.csproj", "{1DB74E38-AF16-4E48-A652-B33D954901CA}"
EndProject
Global
	GlobalSection(SolutionConfigurationPlatforms) = preSolution
		Debug|Any CPU = Debug|Any CPU
		Release|Any CPU = Release|Any CPU
	EndGlobalSection
	GlobalSection(ProjectConfigurationPlatforms) = postSolution
		{1DB74E38-AF16-4E48-A652-B33D954901CA}.Debug|Any CPU.ActiveCfg = Debug|Any CPU
		{1DB74E38-AF16-4E48-A652-B33D954901CA}.Debug|Any CPU.Build.0 = Debug|Any CPU
		{1DB74E38-AF16-4E48-A652-B33D954901CA}.Release|Any CPU.ActiveCfg = Release|Any CPU
		{1DB74E38-AF16-4E48-A652-B33D954901CA}.Release|Any CPU.Build.0 = Release|Any CPU
	EndGlobalSection
	GlobalSection(SolutionProperties) = preSolution
		HideSolutionNode = FALSE
	EndGlobalSection
	GlobalSection(ExtensibilityGlobals) = postSolution
		SolutionGuid = {4229FC07-915D-44A1-85B5-17C2AF58F81D}
	EndGlobalSection
EndGlobal
