
Microsoft Visual Studio Solution File, Format Version 12.00
# Visual Studio Version 17
VisualStudioVersion = 17.4.33213.308
MinimumVisualStudioVersion = 10.0.40219.1
Project("{FAE04EC0-301F-11D3-BF4B-00C04F79EFBC}") = "PlayerApp", "PlayerApp.csproj", "{BB093A72-832A-4471-A4E6-E021CFC87743}"
EndProject
Global
	GlobalSection(SolutionConfigurationPlatforms) = preSolution
		Debug|Any CPU = Debug|Any CPU
		Release|Any CPU = Release|Any CPU
	EndGlobalSection
	GlobalSection(ProjectConfigurationPlatforms) = postSolution
		{BB093A72-832A-4471-A4E6-E021CFC87743}.Debug|Any CPU.ActiveCfg = Debug|Any CPU
		{BB093A72-832A-4471-A4E6-E021CFC87743}.Debug|Any CPU.Build.0 = Debug|Any CPU
		{BB093A72-832A-4471-A4E6-E021CFC87743}.Release|Any CPU.ActiveCfg = Release|Any CPU
		{BB093A72-832A-4471-A4E6-E021CFC87743}.Release|Any CPU.Build.0 = Release|Any CPU
	EndGlobalSection
	GlobalSection(SolutionProperties) = preSolution
		HideSolutionNode = FALSE
	EndGlobalSection
	GlobalSection(ExtensibilityGlobals) = postSolution
		SolutionGuid = {11D1A26B-E6EC-42A7-A44A-EC655A98B4BF}
	EndGlobalSection
EndGlobal
