
Microsoft Visual Studio Solution File, Format Version 12.00
# Visual Studio Version 17
VisualStudioVersion = 17.4.33213.308
MinimumVisualStudioVersion = 10.0.40219.1
Project("{FAE04EC0-301F-11D3-BF4B-00C04F79EFBC}") = "ManBoyInheritanceApp", "ManBoyInheritanceApp.csproj", "{1ECA8A26-5AC7-4677-877A-080C4D7F33BC}"
EndProject
Global
	GlobalSection(SolutionConfigurationPlatforms) = preSolution
		Debug|Any CPU = Debug|Any CPU
		Release|Any CPU = Release|Any CPU
	EndGlobalSection
	GlobalSection(ProjectConfigurationPlatforms) = postSolution
		{1ECA8A26-5AC7-4677-877A-080C4D7F33BC}.Debug|Any CPU.ActiveCfg = Debug|Any CPU
		{1ECA8A26-5AC7-4677-877A-080C4D7F33BC}.Debug|Any CPU.Build.0 = Debug|Any CPU
		{1ECA8A26-5AC7-4677-877A-080C4D7F33BC}.Release|Any CPU.ActiveCfg = Release|Any CPU
		{1ECA8A26-5AC7-4677-877A-080C4D7F33BC}.Release|Any CPU.Build.0 = Release|Any CPU
	EndGlobalSection
	GlobalSection(SolutionProperties) = preSolution
		HideSolutionNode = FALSE
	EndGlobalSection
	GlobalSection(ExtensibilityGlobals) = postSolution
		SolutionGuid = {ABFECC77-2D7B-4B54-8676-7BEAB8029E76}
	EndGlobalSection
EndGlobal
