
Microsoft Visual Studio Solution File, Format Version 12.00
# Visual Studio Version 17
VisualStudioVersion = 17.4.33213.308
MinimumVisualStudioVersion = 10.0.40219.1
Project("{FAE04EC0-301F-11D3-BF4B-00C04F79EFBC}") = "SingletonPatternAppV1", "SingletonPatternAppV1\SingletonPatternAppV1.csproj", "{01A26FB2-18DD-4F22-813A-7212870C07FE}"
EndProject
Project("{FAE04EC0-301F-11D3-BF4B-00C04F79EFBC}") = "SingletonPatternAppV2", "SingletonPatternAppV2\SingletonPatternAppV2.csproj", "{626AE29F-32A8-4278-B626-802FB2C19078}"
EndProject
Global
	GlobalSection(SolutionConfigurationPlatforms) = preSolution
		Debug|Any CPU = Debug|Any CPU
		Release|Any CPU = Release|Any CPU
	EndGlobalSection
	GlobalSection(ProjectConfigurationPlatforms) = postSolution
		{01A26FB2-18DD-4F22-813A-7212870C07FE}.Debug|Any CPU.ActiveCfg = Debug|Any CPU
		{01A26FB2-18DD-4F22-813A-7212870C07FE}.Debug|Any CPU.Build.0 = Debug|Any CPU
		{01A26FB2-18DD-4F22-813A-7212870C07FE}.Release|Any CPU.ActiveCfg = Release|Any CPU
		{01A26FB2-18DD-4F22-813A-7212870C07FE}.Release|Any CPU.Build.0 = Release|Any CPU
		{626AE29F-32A8-4278-B626-802FB2C19078}.Debug|Any CPU.ActiveCfg = Debug|Any CPU
		{626AE29F-32A8-4278-B626-802FB2C19078}.Debug|Any CPU.Build.0 = Debug|Any CPU
		{626AE29F-32A8-4278-B626-802FB2C19078}.Release|Any CPU.ActiveCfg = Release|Any CPU
		{626AE29F-32A8-4278-B626-802FB2C19078}.Release|Any CPU.Build.0 = Release|Any CPU
	EndGlobalSection
	GlobalSection(SolutionProperties) = preSolution
		HideSolutionNode = FALSE
	EndGlobalSection
	GlobalSection(ExtensibilityGlobals) = postSolution
		SolutionGuid = {A42A85CF-02FA-43C7-8158-E90B6B9B5C51}
	EndGlobalSection
EndGlobal
